
Microsoft Visual Studio Solution File, Format Version 12.00
# Visual Studio Version 16
VisualStudioVersion = 16.0.30907.101
MinimumVisualStudioVersion = 10.0.40219.1
Project("{9A19103F-16F7-4668-BE54-9A1E7A4F7556}") = "MyStructure", "MyStructure\MyStructure.csproj", "{453F275F-F4A3-488A-956B-7A14A295A24C}"
EndProject
Global
	GlobalSection(SolutionConfigurationPlatforms) = preSolution
		Debug|Any CPU = Debug|Any CPU
		Release|Any CPU = Release|Any CPU
	EndGlobalSection
	GlobalSection(ProjectConfigurationPlatforms) = postSolution
		{453F275F-F4A3-488A-956B-7A14A295A24C}.Debug|Any CPU.ActiveCfg = Debug|Any CPU
		{453F275F-F4A3-488A-956B-7A14A295A24C}.Debug|Any CPU.Build.0 = Debug|Any CPU
		{453F275F-F4A3-488A-956B-7A14A295A24C}.Release|Any CPU.ActiveCfg = Release|Any CPU
		{453F275F-F4A3-488A-956B-7A14A295A24C}.Release|Any CPU.Build.0 = Release|Any CPU
	EndGlobalSection
	GlobalSection(SolutionProperties) = preSolution
		HideSolutionNode = FALSE
	EndGlobalSection
	GlobalSection(ExtensibilityGlobals) = postSolution
		SolutionGuid = {00E4DD55-7E59-42BC-876A-E71F9FD02218}
	EndGlobalSection
EndGlobal
